// !$*UTF8*$!
{
	archiveVersion = 1;
	classes = {
	};
	objectVersion = 56;
	objects = {

/* Begin PBXBuildFile section */
		F9B50E8629097BBB003FD7C3 /* Three_Letter_WordApp.swift in Sources */ = {isa = PBXBuildFile; fileRef = F9B50E8529097BBB003FD7C3 /* Three_Letter_WordApp.swift */; };
		F9B50E8829097BBB003FD7C3 /* ContentView.swift in Sources */ = {isa = PBXBuildFile; fileRef = F9B50E8729097BBB003FD7C3 /* ContentView.swift */; };
		F9B50E8A29097BBD003FD7C3 /* Assets.xcassets in Resources */ = {isa = PBXBuildFile; fileRef = F9B50E8929097BBD003FD7C3 /* Assets.xcassets */; };
		F9B50E8D29097BBD003FD7C3 /* Preview Assets.xcassets in Resources */ = {isa = PBXBuildFile; fileRef = F9B50E8C29097BBD003FD7C3 /* Preview Assets.xcassets */; };
		F9B50E9729097BBE003FD7C3 /* Three_Letter_WordTests.swift in Sources */ = {isa = PBXBuildFile; fileRef = F9B50E9629097BBE003FD7C3 /* Three_Letter_WordTests.swift */; };
		F9B50EA129097BBE003FD7C3 /* Three_Letter_WordUITests.swift in Sources */ = {isa = PBXBuildFile; fileRef = F9B50EA029097BBE003FD7C3 /* Three_Letter_WordUITests.swift */; };
		F9B50EA329097BBE003FD7C3 /* Three_Letter_WordUITestsLaunchTests.swift in Sources */ = {isa = PBXBuildFile; fileRef = F9B50EA229097BBE003FD7C3 /* Three_Letter_WordUITestsLaunchTests.swift */; };
/* End PBXBuildFile section */

/* Begin PBXContainerItemProxy section */
		F9B50E9329097BBE003FD7C3 /* PBXContainerItemProxy */ = {
			isa = PBXContainerItemProxy;
			containerPortal = F9B50E7A29097BBB003FD7C3 /* Project object */;
			proxyType = 1;
			remoteGlobalIDString = F9B50E8129097BBB003FD7C3;
			remoteInfo = "Three Letter Word";
		};
		F9B50E9D29097BBE003FD7C3 /* PBXContainerItemProxy */ = {
			isa = PBXContainerItemProxy;
			containerPortal = F9B50E7A29097BBB003FD7C3 /* Project object */;
			proxyType = 1;
			remoteGlobalIDString = F9B50E8129097BBB003FD7C3;
			remoteInfo = "Three Letter Word";
		};
/* End PBXContainerItemProxy section */

/* Begin PBXFileReference section */
		F9B50E8229097BBB003FD7C3 /* Three Letter Word.app */ = {isa = PBXFileReference; explicitFileType = wrapper.application; includeInIndex = 0; path = "Three Letter Word.app"; sourceTree = BUILT_PRODUCTS_DIR; };
		F9B50E8529097BBB003FD7C3 /* Three_Letter_WordApp.swift */ = {isa = PBXFileReference; lastKnownFileType = sourcecode.swift; path = Three_Letter_WordApp.swift; sourceTree = "<group>"; };
		F9B50E8729097BBB003FD7C3 /* ContentView.swift */ = {isa = PBXFileReference; lastKnownFileType = sourcecode.swift; path = ContentView.swift; sourceTree = "<group>"; };
		F9B50E8929097BBD003FD7C3 /* Assets.xcassets */ = {isa = PBXFileReference; lastKnownFileType = folder.assetcatalog; path = Assets.xcassets; sourceTree = "<group>"; };
		F9B50E8C29097BBD003FD7C3 /* Preview Assets.xcassets */ = {isa = PBXFileReference; lastKnownFileType = folder.assetcatalog; path = "Preview Assets.xcassets"; sourceTree = "<group>"; };
		F9B50E9229097BBE003FD7C3 /* Three Letter WordTests.xctest */ = {isa = PBXFileReference; explicitFileType = wrapper.cfbundle; includeInIndex = 0; path = "Three Letter WordTests.xctest"; sourceTree = BUILT_PRODUCTS_DIR; };
		F9B50E9629097BBE003FD7C3 /* Three_Letter_WordTests.swift */ = {isa = PBXFileReference; lastKnownFileType = sourcecode.swift; path = Three_Letter_WordTests.swift; sourceTree = "<group>"; };
		F9B50E9C29097BBE003FD7C3 /* Three Letter WordUITests.xctest */ = {isa = PBXFileReference; explicitFileType = wrapper.cfbundle; includeInIndex = 0; path = "Three Letter WordUITests.xctest"; sourceTree = BUILT_PRODUCTS_DIR; };
		F9B50EA029097BBE003FD7C3 /* Three_Letter_WordUITests.swift */ = {isa = PBXFileReference; lastKnownFileType = sourcecode.swift; path = Three_Letter_WordUITests.swift; sourceTree = "<group>"; };
		F9B50EA229097BBE003FD7C3 /* Three_Letter_WordUITestsLaunchTests.swift */ = {isa = PBXFileReference; lastKnownFileType = sourcecode.swift; path = Three_Letter_WordUITestsLaunchTests.swift; sourceTree = "<group>"; };
/* End PBXFileReference section */

/* Begin PBXFrameworksBuildPhase section */
		F9B50E7F29097BBB003FD7C3 /* Frameworks */ = {
			isa = PBXFrameworksBuildPhase;
			buildActionMask = 2147483647;
			files = (
			);
			runOnlyForDeploymentPostprocessing = 0;
		};
		F9B50E8F29097BBE003FD7C3 /* Frameworks */ = {
			isa = PBXFrameworksBuildPhase;
			buildActionMask = 2147483647;
			files = (
			);
			runOnlyForDeploymentPostprocessing = 0;
		};
		F9B50E9929097BBE003FD7C3 /* Frameworks */ = {
			isa = PBXFrameworksBuildPhase;
			buildActionMask = 2147483647;
			files = (
			);
			runOnlyForDeploymentPostprocessing = 0;
		};
/* End PBXFrameworksBuildPhase section */

/* Begin PBXGroup section */
		F9B50E7929097BBB003FD7C3 = {
			isa = PBXGroup;
			children = (
				F9B50E8429097BBB003FD7C3 /* Three Letter Word */,
				F9B50E9529097BBE003FD7C3 /* Three Letter WordTests */,
				F9B50E9F29097BBE003FD7C3 /* Three Letter WordUITests */,
				F9B50E8329097BBB003FD7C3 /* Products */,
			);
			sourceTree = "<group>";
		};
		F9B50E8329097BBB003FD7C3 /* Products */ = {
			isa = PBXGroup;
			children = (
				F9B50E8229097BBB003FD7C3 /* Three Letter Word.app */,
				F9B50E9229097BBE003FD7C3 /* Three Letter WordTests.xctest */,
				F9B50E9C29097BBE003FD7C3 /* Three Letter WordUITests.xctest */,
			);
			name = Products;
			sourceTree = "<group>";
		};
		F9B50E8429097BBB003FD7C3 /* Three Letter Word */ = {
			isa = PBXGroup;
			children = (
				F9B50E8529097BBB003FD7C3 /* Three_Letter_WordApp.swift */,
				F9B50E8729097BBB003FD7C3 /* ContentView.swift */,
				F9B50E8929097BBD003FD7C3 /* Assets.xcassets */,
				F9B50E8B29097BBD003FD7C3 /* Preview Content */,
			);
			path = "Three Letter Word";
			sourceTree = "<group>";
		};
		F9B50E8B29097BBD003FD7C3 /* Preview Content */ = {
			isa = PBXGroup;
			children = (
				F9B50E8C29097BBD003FD7C3 /* Preview Assets.xcassets */,
			);
			path = "Preview Content";
			sourceTree = "<group>";
		};
		F9B50E9529097BBE003FD7C3 /* Three Letter WordTests */ = {
			isa = PBXGroup;
			children = (
				F9B50E9629097BBE003FD7C3 /* Three_Letter_WordTests.swift */,
			);
			path = "Three Letter WordTests";
			sourceTree = "<group>";
		};
		F9B50E9F29097BBE003FD7C3 /* Three Letter WordUITests */ = {
			isa = PBXGroup;
			children = (
				F9B50EA029097BBE003FD7C3 /* Three_Letter_WordUITests.swift */,
				F9B50EA229097BBE003FD7C3 /* Three_Letter_WordUITestsLaunchTests.swift */,
			);
			path = "Three Letter WordUITests";
			sourceTree = "<group>";
		};
/* End PBXGroup section */

/* Begin PBXNativeTarget section */
		F9B50E8129097BBB003FD7C3 /* Three Letter Word */ = {
			isa = PBXNativeTarget;
			buildConfigurationList = F9B50EA629097BBE003FD7C3 /* Build configuration list for PBXNativeTarget "Three Letter Word" */;
			buildPhases = (
				F9B50E7E29097BBB003FD7C3 /* Sources */,
				F9B50E7F29097BBB003FD7C3 /* Frameworks */,
				F9B50E8029097BBB003FD7C3 /* Resources */,
			);
			buildRules = (
			);
			dependencies = (
			);
			name = "Three Letter Word";
			productName = "Three Letter Word";
			productReference = F9B50E8229097BBB003FD7C3 /* Three Letter Word.app */;
			productType = "com.apple.product-type.application";
		};
		F9B50E9129097BBE003FD7C3 /* Three Letter WordTests */ = {
			isa = PBXNativeTarget;
			buildConfigurationList = F9B50EA929097BBE003FD7C3 /* Build configuration list for PBXNativeTarget "Three Letter WordTests" */;
			buildPhases = (
				F9B50E8E29097BBE003FD7C3 /* Sources */,
				F9B50E8F29097BBE003FD7C3 /* Frameworks */,
				F9B50E9029097BBE003FD7C3 /* Resources */,
			);
			buildRules = (
			);
			dependencies = (
				F9B50E9429097BBE003FD7C3 /* PBXTargetDependency */,
			);
			name = "Three Letter WordTests";
			productName = "Three Letter WordTests";
			productReference = F9B50E9229097BBE003FD7C3 /* Three Letter WordTests.xctest */;
			productType = "com.apple.product-type.bundle.unit-test";
		};
		F9B50E9B29097BBE003FD7C3 /* Three Letter WordUITests */ = {
			isa = PBXNativeTarget;
			buildConfigurationList = F9B50EAC29097BBE003FD7C3 /* Build configuration list for PBXNativeTarget "Three Letter WordUITests" */;
			buildPhases = (
				F9B50E9829097BBE003FD7C3 /* Sources */,
				F9B50E9929097BBE003FD7C3 /* Frameworks */,
				F9B50E9A29097BBE003FD7C3 /* Resources */,
			);
			buildRules = (
			);
			dependencies = (
				F9B50E9E29097BBE003FD7C3 /* PBXTargetDependency */,
			);
			name = "Three Letter WordUITests";
			productName = "Three Letter WordUITests";
			productReference = F9B50E9C29097BBE003FD7C3 /* Three Letter WordUITests.xctest */;
			productType = "com.apple.product-type.bundle.ui-testing";
		};
/* End PBXNativeTarget section */

/* Begin PBXProject section */
		F9B50E7A29097BBB003FD7C3 /* Project object */ = {
			isa = PBXProject;
			attributes = {
				BuildIndependentTargetsInParallel = 1;
				LastSwiftUpdateCheck = 1400;
				LastUpgradeCheck = 1400;
				TargetAttributes = {
					F9B50E8129097BBB003FD7C3 = {
						CreatedOnToolsVersion = 14.0;
					};
					F9B50E9129097BBE003FD7C3 = {
						CreatedOnToolsVersion = 14.0;
						TestTargetID = F9B50E8129097BBB003FD7C3;
					};
					F9B50E9B29097BBE003FD7C3 = {
						CreatedOnToolsVersion = 14.0;
						TestTargetID = F9B50E8129097BBB003FD7C3;
					};
				};
			};
			buildConfigurationList = F9B50E7D29097BBB003FD7C3 /* Build configuration list for PBXProject "Three Letter Word" */;
			compatibilityVersion = "Xcode 14.0";
			developmentRegion = en;
			hasScannedForEncodings = 0;
			knownRegions = (
				en,
				Base,
			);
			mainGroup = F9B50E7929097BBB003FD7C3;
			productRefGroup = F9B50E8329097BBB003FD7C3 /* Products */;
			projectDirPath = "";
			projectRoot = "";
			targets = (
				F9B50E8129097BBB003FD7C3 /* Three Letter Word */,
				F9B50E9129097BBE003FD7C3 /* Three Letter WordTests */,
				F9B50E9B29097BBE003FD7C3 /* Three Letter WordUITests */,
			);
		};
/* End PBXProject section */

/* Begin PBXResourcesBuildPhase section */
		F9B50E8029097BBB003FD7C3 /* Resources */ = {
			isa = PBXResourcesBuildPhase;
			buildActionMask = 2147483647;
			files = (
				F9B50E8D29097BBD003FD7C3 /* Preview Assets.xcassets in Resources */,
				F9B50E8A29097BBD003FD7C3 /* Assets.xcassets in Resources */,
			);
			runOnlyForDeploymentPostprocessing = 0;
		};
		F9B50E9029097BBE003FD7C3 /* Resources */ = {
			isa = PBXResourcesBuildPhase;
			buildActionMask = 2147483647;
			files = (
			);
			runOnlyForDeploymentPostprocessing = 0;
		};
		F9B50E9A29097BBE003FD7C3 /* Resources */ = {
			isa = PBXResourcesBuildPhase;
			buildActionMask = 2147483647;
			files = (
			);
			runOnlyForDeploymentPostprocessing = 0;
		};
/* End PBXResourcesBuildPhase section */

/* Begin PBXSourcesBuildPhase section */
		F9B50E7E29097BBB003FD7C3 /* Sources */ = {
			isa = PBXSourcesBuildPhase;
			buildActionMask = 2147483647;
			files = (
				F9B50E8829097BBB003FD7C3 /* ContentView.swift in Sources */,
				F9B50E8629097BBB003FD7C3 /* Three_Letter_WordApp.swift in Sources */,
			);
			runOnlyForDeploymentPostprocessing = 0;
		};
		F9B50E8E29097BBE003FD7C3 /* Sources */ = {
			isa = PBXSourcesBuildPhase;
			buildActionMask = 2147483647;
			files = (
				F9B50E9729097BBE003FD7C3 /* Three_Letter_WordTests.swift in Sources */,
			);
			runOnlyForDeploymentPostprocessing = 0;
		};
		F9B50E9829097BBE003FD7C3 /* Sources */ = {
			isa = PBXSourcesBuildPhase;
			buildActionMask = 2147483647;
			files = (
				F9B50EA129097BBE003FD7C3 /* Three_Letter_WordUITests.swift in Sources */,
				F9B50EA329097BBE003FD7C3 /* Three_Letter_WordUITestsLaunchTests.swift in Sources */,
			);
			runOnlyForDeploymentPostprocessing = 0;
		};
/* End PBXSourcesBuildPhase section */

/* Begin PBXTargetDependency section */
		F9B50E9429097BBE003FD7C3 /* PBXTargetDependency */ = {
			isa = PBXTargetDependency;
			target = F9B50E8129097BBB003FD7C3 /* Three Letter Word */;
			targetProxy = F9B50E9329097BBE003FD7C3 /* PBXContainerItemProxy */;
		};
		F9B50E9E29097BBE003FD7C3 /* PBXTargetDependency */ = {
			isa = PBXTargetDependency;
			target = F9B50E8129097BBB003FD7C3 /* Three Letter Word */;
			targetProxy = F9B50E9D29097BBE003FD7C3 /* PBXContainerItemProxy */;
		};
/* End PBXTargetDependency section */

/* Begin XCBuildConfiguration section */
		F9B50EA429097BBE003FD7C3 /* Debug */ = {
			isa = XCBuildConfiguration;
			buildSettings = {
				ALWAYS_SEARCH_USER_PATHS = NO;
				CLANG_ANALYZER_NONNULL = YES;
				CLANG_ANALYZER_NUMBER_OBJECT_CONVERSION = YES_AGGRESSIVE;
				CLANG_CXX_LANGUAGE_STANDARD = "gnu++20";
				CLANG_ENABLE_MODULES = YES;
				CLANG_ENABLE_OBJC_ARC = YES;
				CLANG_ENABLE_OBJC_WEAK = YES;
				CLANG_WARN_BLOCK_CAPTURE_AUTORELEASING = YES;
				CLANG_WARN_BOOL_CONVERSION = YES;
				CLANG_WARN_COMMA = YES;
				CLANG_WARN_CONSTANT_CONVERSION = YES;
				CLANG_WARN_DEPRECATED_OBJC_IMPLEMENTATIONS = YES;
				CLANG_WARN_DIRECT_OBJC_ISA_USAGE = YES_ERROR;
				CLANG_WARN_DOCUMENTATION_COMMENTS = YES;
				CLANG_WARN_EMPTY_BODY = YES;
				CLANG_WARN_ENUM_CONVERSION = YES;
				CLANG_WARN_INFINITE_RECURSION = YES;
				CLANG_WARN_INT_CONVERSION = YES;
				CLANG_WARN_NON_LITERAL_NULL_CONVERSION = YES;
				CLANG_WARN_OBJC_IMPLICIT_RETAIN_SELF = YES;
				CLANG_WARN_OBJC_LITERAL_CONVERSION = YES;
				CLANG_WARN_OBJC_ROOT_CLASS = YES_ERROR;
				CLANG_WARN_QUOTED_INCLUDE_IN_FRAMEWORK_HEADER = YES;
				CLANG_WARN_RANGE_LOOP_ANALYSIS = YES;
				CLANG_WARN_STRICT_PROTOTYPES = YES;
				CLANG_WARN_SUSPICIOUS_MOVE = YES;
				CLANG_WARN_UNGUARDED_AVAILABILITY = YES_AGGRESSIVE;
				CLANG_WARN_UNREACHABLE_CODE = YES;
				CLANG_WARN__DUPLICATE_METHOD_MATCH = YES;
				COPY_PHASE_STRIP = NO;
				DEBUG_INFORMATION_FORMAT = dwarf;
				ENABLE_STRICT_OBJC_MSGSEND = YES;
				ENABLE_TESTABILITY = YES;
				GCC_C_LANGUAGE_STANDARD = gnu11;
				GCC_DYNAMIC_NO_PIC = NO;
				GCC_NO_COMMON_BLOCKS = YES;
				GCC_OPTIMIZATION_LEVEL = 0;
				GCC_PREPROCESSOR_DEFINITIONS = (
					"DEBUG=1",
					"$(inherited)",
				);
				GCC_WARN_64_TO_32_BIT_CONVERSION = YES;
				GCC_WARN_ABOUT_RETURN_TYPE = YES_ERROR;
				GCC_WARN_UNDECLARED_SELECTOR = YES;
				GCC_WARN_UNINITIALIZED_AUTOS = YES_AGGRESSIVE;
				GCC_WARN_UNUSED_FUNCTION = YES;
				GCC_WARN_UNUSED_VARIABLE = YES;
				IPHONEOS_DEPLOYMENT_TARGET = 16.0;
				MTL_ENABLE_DEBUG_INFO = INCLUDE_SOURCE;
				MTL_FAST_MATH = YES;
				ONLY_ACTIVE_ARCH = YES;
				SDKROOT = iphoneos;
				SWIFT_ACTIVE_COMPILATION_CONDITIONS = DEBUG;
				SWIFT_OPTIMIZATION_LEVEL = "-Onone";
			};
			name = Debug;
		};
		F9B50EA529097BBE003FD7C3 /* Release */ = {
			isa = XCBuildConfiguration;
			buildSettings = {
				ALWAYS_SEARCH_USER_PATHS = NO;
				CLANG_ANALYZER_NONNULL = YES;
				CLANG_ANALYZER_NUMBER_OBJECT_CONVERSION = YES_AGGRESSIVE;
				CLANG_CXX_LANGUAGE_STANDARD = "gnu++20";
				CLANG_ENABLE_MODULES = YES;
				CLANG_ENABLE_OBJC_ARC = YES;
				CLANG_ENABLE_OBJC_WEAK = YES;
				CLANG_WARN_BLOCK_CAPTURE_AUTORELEASING = YES;
				CLANG_WARN_BOOL_CONVERSION = YES;
				CLANG_WARN_COMMA = YES;
				CLANG_WARN_CONSTANT_CONVERSION = YES;
				CLANG_WARN_DEPRECATED_OBJC_IMPLEMENTATIONS = YES;
				CLANG_WARN_DIRECT_OBJC_ISA_USAGE = YES_ERROR;
				CLANG_WARN_DOCUMENTATION_COMMENTS = YES;
				CLANG_WARN_EMPTY_BODY = YES;
				CLANG_WARN_ENUM_CONVERSION = YES;
				CLANG_WARN_INFINITE_RECURSION = YES;
				CLANG_WARN_INT_CONVERSION = YES;
				CLANG_WARN_NON_LITERAL_NULL_CONVERSION = YES;
				CLANG_WARN_OBJC_IMPLICIT_RETAIN_SELF = YES;
				CLANG_WARN_OBJC_LITERAL_CONVERSION = YES;
				CLANG_WARN_OBJC_ROOT_CLASS = YES_ERROR;
				CLANG_WARN_QUOTED_INCLUDE_IN_FRAMEWORK_HEADER = YES;
				CLANG_WARN_RANGE_LOOP_ANALYSIS = YES;
				CLANG_WARN_STRICT_PROTOTYPES = YES;
				CLANG_WARN_SUSPICIOUS_MOVE = YES;
				CLANG_WARN_UNGUARDED_AVAILABILITY = YES_AGGRESSIVE;
				CLANG_WARN_UNREACHABLE_CODE = YES;
				CLANG_WARN__DUPLICATE_METHOD_MATCH = YES;
				COPY_PHASE_STRIP = NO;
				DEBUG_INFORMATION_FORMAT = "dwarf-with-dsym";
				ENABLE_NS_ASSERTIONS = NO;
				ENABLE_STRICT_OBJC_MSGSEND = YES;
				GCC_C_LANGUAGE_STANDARD = gnu11;
				GCC_NO_COMMON_BLOCKS = YES;
				GCC_WARN_64_TO_32_BIT_CONVERSION = YES;
				GCC_WARN_ABOUT_RETURN_TYPE = YES_ERROR;
				GCC_WARN_UNDECLARED_SELECTOR = YES;
				GCC_WARN_UNINITIALIZED_AUTOS = YES_AGGRESSIVE;
				GCC_WARN_UNUSED_FUNCTION = YES;
				GCC_WARN_UNUSED_VARIABLE = YES;
				IPHONEOS_DEPLOYMENT_TARGET = 16.0;
				MTL_ENABLE_DEBUG_INFO = NO;
				MTL_FAST_MATH = YES;
				SDKROOT = iphoneos;
				SWIFT_COMPILATION_MODE = wholemodule;
				SWIFT_OPTIMIZATION_LEVEL = "-O";
				VALIDATE_PRODUCT = YES;
			};
			name = Release;
		};
		F9B50EA729097BBE003FD7C3 /* Debug */ = {
			isa = XCBuildConfiguration;
			buildSettings = {
				ASSETCATALOG_COMPILER_APPICON_NAME = AppIcon;
				ASSETCATALOG_COMPILER_GLOBAL_ACCENT_COLOR_NAME = AccentColor;
				CODE_SIGN_STYLE = Automatic;
				CURRENT_PROJECT_VERSION = 1;
				DEVELOPMENT_ASSET_PATHS = "\"Three Letter Word/Preview Content\"";
				DEVELOPMENT_TEAM = ZM8QD2KAG2;
				ENABLE_PREVIEWS = YES;
				GENERATE_INFOPLIST_FILE = YES;
				INFOPLIST_KEY_UIApplicationSceneManifest_Generation = YES;
				INFOPLIST_KEY_UIApplicationSupportsIndirectInputEvents = YES;
				INFOPLIST_KEY_UILaunchScreen_Generation = YES;
				INFOPLIST_KEY_UISupportedInterfaceOrientations_iPad = "UIInterfaceOrientationPortrait UIInterfaceOrientationPortraitUpsideDown UIInterfaceOrientationLandscapeLeft UIInterfaceOrientationLandscapeRight";
				INFOPLIST_KEY_UISupportedInterfaceOrientations_iPhone = "UIInterfaceOrientationPortrait UIInterfaceOrientationLandscapeLeft UIInterfaceOrientationLandscapeRight";
				LD_RUNPATH_SEARCH_PATHS = (
					"$(inherited)",
					"@executable_path/Frameworks",
				);
				MARKETING_VERSION = 1.0;
				PRODUCT_BUNDLE_IDENTIFIER = "BrightStar.Three-Letter-Word";
				PRODUCT_NAME = "$(TARGET_NAME)";
				SWIFT_EMIT_LOC_STRINGS = YES;
				SWIFT_VERSION = 5.0;
				TARGETED_DEVICE_FAMILY = "1,2";
			};
			name = Debug;
		};
		F9B50EA829097BBE003FD7C3 /* Release */ = {
			isa = XCBuildConfiguration;
			buildSettings = {
				ASSETCATALOG_COMPILER_APPICON_NAME = AppIcon;
				ASSETCATALOG_COMPILER_GLOBAL_ACCENT_COLOR_NAME = AccentColor;
				CODE_SIGN_STYLE = Automatic;
				CURRENT_PROJECT_VERSION = 1;
				DEVELOPMENT_ASSET_PATHS = "\"Three Letter Word/Preview Content\"";
				DEVELOPMENT_TEAM = ZM8QD2KAG2;
				ENABLE_PREVIEWS = YES;
				GENERATE_INFOPLIST_FILE = YES;
				INFOPLIST_KEY_UIApplicationSceneManifest_Generation = YES;
				INFOPLIST_KEY_UIApplicationSupportsIndirectInputEvents = YES;
				INFOPLIST_KEY_UILaunchScreen_Generation = YES;
				INFOPLIST_KEY_UISupportedInterfaceOrientations_iPad = "UIInterfaceOrientationPortrait UIInterfaceOrientationPortraitUpsideDown UIInterfaceOrientationLandscapeLeft UIInterfaceOrientationLandscapeRight";
				INFOPLIST_KEY_UISupportedInterfaceOrientations_iPhone = "UIInterfaceOrientationPortrait UIInterfaceOrientationLandscapeLeft UIInterfaceOrientationLandscapeRight";
				LD_RUNPATH_SEARCH_PATHS = (
					"$(inherited)",
					"@executable_path/Frameworks",
				);
				MARKETING_VERSION = 1.0;
				PRODUCT_BUNDLE_IDENTIFIER = "BrightStar.Three-Letter-Word";
				PRODUCT_NAME = "$(TARGET_NAME)";
				SWIFT_EMIT_LOC_STRINGS = YES;
				SWIFT_VERSION = 5.0;
				TARGETED_DEVICE_FAMILY = "1,2";
			};
			name = Release;
		};
		F9B50EAA29097BBE003FD7C3 /* Debug */ = {
			isa = XCBuildConfiguration;
			buildSettings = {
				ALWAYS_EMBED_SWIFT_STANDARD_LIBRARIES = YES;
				BUNDLE_LOADER = "$(TEST_HOST)";
				CODE_SIGN_STYLE = Automatic;
				CURRENT_PROJECT_VERSION = 1;
				DEVELOPMENT_TEAM = ZM8QD2KAG2;
				GENERATE_INFOPLIST_FILE = YES;
				IPHONEOS_DEPLOYMENT_TARGET = 16.0;
				MARKETING_VERSION = 1.0;
				PRODUCT_BUNDLE_IDENTIFIER = "BrightStar.Three-Letter-WordTests";
				PRODUCT_NAME = "$(TARGET_NAME)";
				SWIFT_EMIT_LOC_STRINGS = NO;
				SWIFT_VERSION = 5.0;
				TARGETED_DEVICE_FAMILY = "1,2";
				TEST_HOST = "$(BUILT_PRODUCTS_DIR)/Three Letter Word.app/$(BUNDLE_EXECUTABLE_FOLDER_PATH)/Three Letter Word";
			};
			name = Debug;
		};
		F9B50EAB29097BBE003FD7C3 /* Release */ = {
			isa = XCBuildConfiguration;
			buildSettings = {
				ALWAYS_EMBED_SWIFT_STANDARD_LIBRARIES = YES;
				BUNDLE_LOADER = "$(TEST_HOST)";
				CODE_SIGN_STYLE = Automatic;
				CURRENT_PROJECT_VERSION = 1;
				DEVELOPMENT_TEAM = ZM8QD2KAG2;
				GENERATE_INFOPLIST_FILE = YES;
				IPHONEOS_DEPLOYMENT_TARGET = 16.0;
				MARKETING_VERSION = 1.0;
				PRODUCT_BUNDLE_IDENTIFIER = "BrightStar.Three-Letter-WordTests";
				PRODUCT_NAME = "$(TARGET_NAME)";
				SWIFT_EMIT_LOC_STRINGS = NO;
				SWIFT_VERSION = 5.0;
				TARGETED_DEVICE_FAMILY = "1,2";
				TEST_HOST = "$(BUILT_PRODUCTS_DIR)/Three Letter Word.app/$(BUNDLE_EXECUTABLE_FOLDER_PATH)/Three Letter Word";
			};
			name = Release;
		};
		F9B50EAD29097BBE003FD7C3 /* Debug */ = {
			isa = XCBuildConfiguration;
			buildSettings = {
				ALWAYS_EMBED_SWIFT_STANDARD_LIBRARIES = YES;
				CODE_SIGN_STYLE = Automatic;
				CURRENT_PROJECT_VERSION = 1;
				DEVELOPMENT_TEAM = ZM8QD2KAG2;
				GENERATE_INFOPLIST_FILE = YES;
				MARKETING_VERSION = 1.0;
				PRODUCT_BUNDLE_IDENTIFIER = "BrightStar.Three-Letter-WordUITests";
				PRODUCT_NAME = "$(TARGET_NAME)";
				SWIFT_EMIT_LOC_STRINGS = NO;
				SWIFT_VERSION = 5.0;
				TARGETED_DEVICE_FAMILY = "1,2";
				TEST_TARGET_NAME = "Three Letter Word";
			};
			name = Debug;
		};
		F9B50EAE29097BBE003FD7C3 /* Release */ = {
			isa = XCBuildConfiguration;
			buildSettings = {
				ALWAYS_EMBED_SWIFT_STANDARD_LIBRARIES = YES;
				CODE_SIGN_STYLE = Automatic;
				CURRENT_PROJECT_VERSION = 1;
				DEVELOPMENT_TEAM = ZM8QD2KAG2;
				GENERATE_INFOPLIST_FILE = YES;
				MARKETING_VERSION = 1.0;
				PRODUCT_BUNDLE_IDENTIFIER = "BrightStar.Three-Letter-WordUITests";
				PRODUCT_NAME = "$(TARGET_NAME)";
				SWIFT_EMIT_LOC_STRINGS = NO;
				SWIFT_VERSION = 5.0;
				TARGETED_DEVICE_FAMILY = "1,2";
				TEST_TARGET_NAME = "Three Letter Word";
			};
			name = Release;
		};
/* End XCBuildConfiguration section */

/* Begin XCConfigurationList section */
		F9B50E7D29097BBB003FD7C3 /* Build configuration list for PBXProject "Three Letter Word" */ = {
			isa = XCConfigurationList;
			buildConfigurations = (
				F9B50EA429097BBE003FD7C3 /* Debug */,
				F9B50EA529097BBE003FD7C3 /* Release */,
			);
			defaultConfigurationIsVisible = 0;
			defaultConfigurationName = Release;
		};
		F9B50EA629097BBE003FD7C3 /* Build configuration list for PBXNativeTarget "Three Letter Word" */ = {
			isa = XCConfigurationList;
			buildConfigurations = (
				F9B50EA729097BBE003FD7C3 /* Debug */,
				F9B50EA829097BBE003FD7C3 /* Release */,
			);
			defaultConfigurationIsVisible = 0;
			defaultConfigurationName = Release;
		};
		F9B50EA929097BBE003FD7C3 /* Build configuration list for PBXNativeTarget "Three Letter WordTests" */ = {
			isa = XCConfigurationList;
			buildConfigurations = (
				F9B50EAA29097BBE003FD7C3 /* Debug */,
				F9B50EAB29097BBE003FD7C3 /* Release */,
			);
			defaultConfigurationIsVisible = 0;
			defaultConfigurationName = Release;
		};
		F9B50EAC29097BBE003FD7C3 /* Build configuration list for PBXNativeTarget "Three Letter WordUITests" */ = {
			isa = XCConfigurationList;
			buildConfigurations = (
				F9B50EAD29097BBE003FD7C3 /* Debug */,
				F9B50EAE29097BBE003FD7C3 /* Release */,
			);
			defaultConfigurationIsVisible = 0;
			defaultConfigurationName = Release;
		};
/* End XCConfigurationList section */
	};
	rootObject = F9B50E7A29097BBB003FD7C3 /* Project object */;
}
